// !$*UTF8*$!
{
	archiveVersion = 1;
	classes = {
	};
	objectVersion = 77;
	objects = {

/* Begin PBXBuildFile section */
		0124484C2DF37B4500634A86 /* MediaInputKit in Frameworks */ = {isa = PBXBuildFile; productRef = 0124484B2DF37B4500634A86 /* MediaInputKit */; };
		014DD08C2DF37582002B37EF /* ZipArchive in Frameworks */ = {isa = PBXBuildFile; productRef = 014DD08B2DF37582002B37EF /* ZipArchive */; };
		014DD08F2DF375A1002B37EF /* libPhoneNumber in Frameworks */ = {isa = PBXBuildFile; productRef = 014DD08E2DF375A1002B37EF /* libPhoneNumber */; };
		019FD4AB2F30AB6900D29171 /* ZIPFoundation in Frameworks */ = {isa = PBXBuildFile; productRef = 019FD4AA2F30AB6900D29171 /* ZIPFoundation */; };
/* End PBXBuildFile section */

/* Begin PBXContainerItemProxy section */
		01C719672DF36ECB00C5B4FF /* PBXContainerItemProxy */ = {
			isa = PBXContainerItemProxy;
			containerPortal = 01C719512DF36ECA00C5B4FF /* Project object */;
			proxyType = 1;
			remoteGlobalIDString = 01C719582DF36ECA00C5B4FF;
			remoteInfo = AthleticPerformance;
		};
		01C719712DF36ECB00C5B4FF /* PBXContainerItemProxy */ = {
			isa = PBXContainerItemProxy;
			containerPortal = 01C719512DF36ECA00C5B4FF /* Project object */;
			proxyType = 1;
			remoteGlobalIDString = 01C719582DF36ECA00C5B4FF;
			remoteInfo = AthleticPerformance;
		};
/* End PBXContainerItemProxy section */

/* Begin PBXFileReference section */
		01C719592DF36ECA00C5B4FF /* AthleticPerformance.app */ = {isa = PBXFileReference; explicitFileType = wrapper.application; includeInIndex = 0; path = AthleticPerformance.app; sourceTree = BUILT_PRODUCTS_DIR; };
		01C719662DF36ECB00C5B4FF /* AthleticPerformanceTests.xctest */ = {isa = PBXFileReference; explicitFileType = wrapper.cfbundle; includeInIndex = 0; path = AthleticPerformanceTests.xctest; sourceTree = BUILT_PRODUCTS_DIR; };
		01C719702DF36ECB00C5B4FF /* AthleticPerformanceUITests.xctest */ = {isa = PBXFileReference; explicitFileType = wrapper.cfbundle; includeInIndex = 0; path = AthleticPerformanceUITests.xctest; sourceTree = BUILT_PRODUCTS_DIR; };
/* End PBXFileReference section */

/* Begin PBXFileSystemSynchronizedBuildFileExceptionSet section */
		0124484E2DF37C2900634A86 /* Exceptions for "AthleticPerformance" folder in "AthleticPerformance" target */ = {
			isa = PBXFileSystemSynchronizedBuildFileExceptionSet;
			membershipExceptions = (
				Info.plist,
			);
			target = 01C719582DF36ECA00C5B4FF /* AthleticPerformance */;
		};
/* End PBXFileSystemSynchronizedBuildFileExceptionSet section */

/* Begin PBXFileSystemSynchronizedRootGroup section */
		01C7195B2DF36ECA00C5B4FF /* AthleticPerformance */ = {
			isa = PBXFileSystemSynchronizedRootGroup;
			exceptions = (
				0124484E2DF37C2900634A86 /* Exceptions for "AthleticPerformance" folder in "AthleticPerformance" target */,
			);
			path = .;
			sourceTree = "<group>";
		};
		01C719692DF36ECB00C5B4FF /* AthleticPerformanceTests */ = {
			isa = PBXFileSystemSynchronizedRootGroup;
			path = AthleticPerformanceTests;
			sourceTree = "<group>";
		};
		01C719732DF36ECB00C5B4FF /* AthleticPerformanceUITests */ = {
			isa = PBXFileSystemSynchronizedRootGroup;
			path = AthleticPerformanceUITests;
			sourceTree = "<group>";
		};
/* End PBXFileSystemSynchronizedRootGroup section */

/* Begin PBXFrameworksBuildPhase section */
		01C719562DF36ECA00C5B4FF /* Frameworks */ = {
			isa = PBXFrameworksBuildPhase;
			buildActionMask = 2147483647;
			files = (
				014DD08F2DF375A1002B37EF /* libPhoneNumber in Frameworks */,
				014DD08C2DF37582002B37EF /* ZipArchive in Frameworks */,
				0124484C2DF37B4500634A86 /* MediaInputKit in Frameworks */,
				019FD4AB2F30AB6900D29171 /* ZIPFoundation in Frameworks */,
			);
			runOnlyForDeploymentPostprocessing = 0;
		};
		01C719632DF36ECB00C5B4FF /* Frameworks */ = {
			isa = PBXFrameworksBuildPhase;
			buildActionMask = 2147483647;
			files = (
			);
			runOnlyForDeploymentPostprocessing = 0;
		};
		01C7196D2DF36ECB00C5B4FF /* Frameworks */ = {
			isa = PBXFrameworksBuildPhase;
			buildActionMask = 2147483647;
			files = (
			);
			runOnlyForDeploymentPostprocessing = 0;
		};
/* End PBXFrameworksBuildPhase section */

/* Begin PBXGroup section */
		014DD08D2DF375A1002B37EF /* Frameworks */ = {
			isa = PBXGroup;
			children = (
			);
			name = Frameworks;
			sourceTree = "<group>";
		};
		01C719502DF36ECA00C5B4FF = {
			isa = PBXGroup;
			children = (
				01C7195B2DF36ECA00C5B4FF /* AthleticPerformance */,
				01C719692DF36ECB00C5B4FF /* AthleticPerformanceTests */,
				01C719732DF36ECB00C5B4FF /* AthleticPerformanceUITests */,
				014DD08D2DF375A1002B37EF /* Frameworks */,
				01C7195A2DF36ECA00C5B4FF /* Products */,
			);
			sourceTree = "<group>";
		};
		01C7195A2DF36ECA00C5B4FF /* Products */ = {
			isa = PBXGroup;
			children = (
				01C719592DF36ECA00C5B4FF /* AthleticPerformance.app */,
				01C719662DF36ECB00C5B4FF /* AthleticPerformanceTests.xctest */,
				01C719702DF36ECB00C5B4FF /* AthleticPerformanceUITests.xctest */,
			);
			name = Products;
			sourceTree = "<group>";
		};
/* End PBXGroup section */

/* Begin PBXNativeTarget section */
		01C719582DF36ECA00C5B4FF /* AthleticPerformance */ = {
			isa = PBXNativeTarget;
			buildConfigurationList = 01C7197A2DF36ECB00C5B4FF /* Build configuration list for PBXNativeTarget "AthleticPerformance" */;
			buildPhases = (
				01C719552DF36ECA00C5B4FF /* Sources */,
				01C719562DF36ECA00C5B4FF /* Frameworks */,
				01C719572DF36ECA00C5B4FF /* Resources */,
			);
			buildRules = (
			);
			dependencies = (
			);
			fileSystemSynchronizedGroups = (
				01C7195B2DF36ECA00C5B4FF /* AthleticPerformance */,
			);
			name = AthleticPerformance;
			packageProductDependencies = (
				014DD08B2DF37582002B37EF /* ZipArchive */,
				014DD08E2DF375A1002B37EF /* libPhoneNumber */,
				0124484B2DF37B4500634A86 /* MediaInputKit */,
				019FD4AA2F30AB6900D29171 /* ZIPFoundation */,
			);
			productName = AthleticPerformance;
			productReference = 01C719592DF36ECA00C5B4FF /* AthleticPerformance.app */;
			productType = "com.apple.product-type.application";
		};
		01C719652DF36ECB00C5B4FF /* AthleticPerformanceTests */ = {
			isa = PBXNativeTarget;
			buildConfigurationList = 01C7197D2DF36ECB00C5B4FF /* Build configuration list for PBXNativeTarget "AthleticPerformanceTests" */;
			buildPhases = (
				01C719622DF36ECB00C5B4FF /* Sources */,
				01C719632DF36ECB00C5B4FF /* Frameworks */,
				01C719642DF36ECB00C5B4FF /* Resources */,
			);
			buildRules = (
			);
			dependencies = (
				01C719682DF36ECB00C5B4FF /* PBXTargetDependency */,
			);
			fileSystemSynchronizedGroups = (
				01C719692DF36ECB00C5B4FF /* AthleticPerformanceTests */,
			);
			name = AthleticPerformanceTests;
			packageProductDependencies = (
			);
			productName = AthleticPerformanceTests;
			productReference = 01C719662DF36ECB00C5B4FF /* AthleticPerformanceTests.xctest */;
			productType = "com.apple.product-type.bundle.unit-test";
		};
		01C7196F2DF36ECB00C5B4FF /* AthleticPerformanceUITests */ = {
			isa = PBXNativeTarget;
			buildConfigurationList = 01C719802DF36ECB00C5B4FF /* Build configuration list for PBXNativeTarget "AthleticPerformanceUITests" */;
			buildPhases = (
				01C7196C2DF36ECB00C5B4FF /* Sources */,
				01C7196D2DF36ECB00C5B4FF /* Frameworks */,
				01C7196E2DF36ECB00C5B4FF /* Resources */,
			);
			buildRules = (
			);
			dependencies = (
				01C719722DF36ECB00C5B4FF /* PBXTargetDependency */,
			);
			fileSystemSynchronizedGroups = (
				01C719732DF36ECB00C5B4FF /* AthleticPerformanceUITests */,
			);
			name = AthleticPerformanceUITests;
			packageProductDependencies = (
			);
			productName = AthleticPerformanceUITests;
			productReference = 01C719702DF36ECB00C5B4FF /* AthleticPerformanceUITests.xctest */;
			productType = "com.apple.product-type.bundle.ui-testing";
		};
/* End PBXNativeTarget section */

/* Begin PBXProject section */
		01C719512DF36ECA00C5B4FF /* Project object */ = {
			isa = PBXProject;
			attributes = {
				BuildIndependentTargetsInParallel = 1;
				LastSwiftUpdateCheck = 1640;
				LastUpgradeCheck = 2600;
				TargetAttributes = {
					01C719582DF36ECA00C5B4FF = {
						CreatedOnToolsVersion = 16.4;
					};
					01C719652DF36ECB00C5B4FF = {
						CreatedOnToolsVersion = 16.4;
						TestTargetID = 01C719582DF36ECA00C5B4FF;
					};
					01C7196F2DF36ECB00C5B4FF = {
						CreatedOnToolsVersion = 16.4;
						TestTargetID = 01C719582DF36ECA00C5B4FF;
					};
				};
			};
			buildConfigurationList = 01C719542DF36ECA00C5B4FF /* Build configuration list for PBXProject "AthleticPerformance" */;
			developmentRegion = en;
			hasScannedForEncodings = 0;
			knownRegions = (
				en,
				Base,
				de,
			);
			mainGroup = 01C719502DF36ECA00C5B4FF;
			minimizedProjectReferenceProxies = 1;
			packageReferences = (
				014DD0892DF3756C002B37EF /* XCRemoteSwiftPackageReference "libPhoneNumber-iOS" */,
				014DD08A2DF37582002B37EF /* XCRemoteSwiftPackageReference "ZipArchive" */,
				0124484A2DF37B4500634A86 /* XCLocalSwiftPackageReference "../../Packages/MediaInputKit" */,
				019FD4A92F30AA8B00D29171 /* XCRemoteSwiftPackageReference "ZIPFoundation" */,
			);
			preferredProjectObjectVersion = 77;
			productRefGroup = 01C7195A2DF36ECA00C5B4FF /* Products */;
			projectDirPath = "";
			projectRoot = "";
			targets = (
				01C719582DF36ECA00C5B4FF /* AthleticPerformance */,
				01C719652DF36ECB00C5B4FF /* AthleticPerformanceTests */,
				01C7196F2DF36ECB00C5B4FF /* AthleticPerformanceUITests */,
			);
		};
/* End PBXProject section */

/* Begin PBXResourcesBuildPhase section */
		01C719572DF36ECA00C5B4FF /* Resources */ = {
			isa = PBXResourcesBuildPhase;
			buildActionMask = 2147483647;
			files = (
			);
			runOnlyForDeploymentPostprocessing = 0;
		};
		01C719642DF36ECB00C5B4FF /* Resources */ = {
			isa = PBXResourcesBuildPhase;
			buildActionMask = 2147483647;
			files = (
			);
			runOnlyForDeploymentPostprocessing = 0;
		};
		01C7196E2DF36ECB00C5B4FF /* Resources */ = {
			isa = PBXResourcesBuildPhase;
			buildActionMask = 2147483647;
			files = (
			);
			runOnlyForDeploymentPostprocessing = 0;
		};
/* End PBXResourcesBuildPhase section */

/* Begin PBXSourcesBuildPhase section */
		01C719552DF36ECA00C5B4FF /* Sources */ = {
			isa = PBXSourcesBuildPhase;
			buildActionMask = 2147483647;
			files = (
			);
			runOnlyForDeploymentPostprocessing = 0;
		};
		01C719622DF36ECB00C5B4FF /* Sources */ = {
			isa = PBXSourcesBuildPhase;
			buildActionMask = 2147483647;
			files = (
			);
			runOnlyForDeploymentPostprocessing = 0;
		};
		01C7196C2DF36ECB00C5B4FF /* Sources */ = {
			isa = PBXSourcesBuildPhase;
			buildActionMask = 2147483647;
			files = (
			);
			runOnlyForDeploymentPostprocessing = 0;
		};
/* End PBXSourcesBuildPhase section */

/* Begin PBXTargetDependency section */
		01C719682DF36ECB00C5B4FF /* PBXTargetDependency */ = {
			isa = PBXTargetDependency;
			target = 01C719582DF36ECA00C5B4FF /* AthleticPerformance */;
			targetProxy = 01C719672DF36ECB00C5B4FF /* PBXContainerItemProxy */;
		};
		01C719722DF36ECB00C5B4FF /* PBXTargetDependency */ = {
			isa = PBXTargetDependency;
			target = 01C719582DF36ECA00C5B4FF /* AthleticPerformance */;
			targetProxy = 01C719712DF36ECB00C5B4FF /* PBXContainerItemProxy */;
		};
/* End PBXTargetDependency section */

/* Begin XCBuildConfiguration section */
		01C719782DF36ECB00C5B4FF /* Debug */ = {
			isa = XCBuildConfiguration;
			buildSettings = {
				ALWAYS_SEARCH_USER_PATHS = NO;
				ASSETCATALOG_COMPILER_GENERATE_SWIFT_ASSET_SYMBOL_EXTENSIONS = YES;
				CLANG_ANALYZER_LOCALIZABILITY_NONLOCALIZED = YES;
				CLANG_ANALYZER_NONNULL = YES;
				CLANG_ANALYZER_NUMBER_OBJECT_CONVERSION = YES_AGGRESSIVE;
				CLANG_CXX_LANGUAGE_STANDARD = "gnu++20";
				CLANG_ENABLE_MODULES = YES;
				CLANG_ENABLE_OBJC_ARC = YES;
				CLANG_ENABLE_OBJC_WEAK = YES;
				CLANG_WARN_BLOCK_CAPTURE_AUTORELEASING = YES;
				CLANG_WARN_BOOL_CONVERSION = YES;
				CLANG_WARN_COMMA = YES;
				CLANG_WARN_CONSTANT_CONVERSION = YES;
				CLANG_WARN_DEPRECATED_OBJC_IMPLEMENTATIONS = YES;
				CLANG_WARN_DIRECT_OBJC_ISA_USAGE = YES_ERROR;
				CLANG_WARN_DOCUMENTATION_COMMENTS = YES;
				CLANG_WARN_EMPTY_BODY = YES;
				CLANG_WARN_ENUM_CONVERSION = YES;
				CLANG_WARN_INFINITE_RECURSION = YES;
				CLANG_WARN_INT_CONVERSION = YES;
				CLANG_WARN_NON_LITERAL_NULL_CONVERSION = YES;
				CLANG_WARN_OBJC_IMPLICIT_RETAIN_SELF = YES;
				CLANG_WARN_OBJC_LITERAL_CONVERSION = YES;
				CLANG_WARN_OBJC_ROOT_CLASS = YES_ERROR;
				CLANG_WARN_QUOTED_INCLUDE_IN_FRAMEWORK_HEADER = YES;
				CLANG_WARN_RANGE_LOOP_ANALYSIS = YES;
				CLANG_WARN_STRICT_PROTOTYPES = YES;
				CLANG_WARN_SUSPICIOUS_MOVE = YES;
				CLANG_WARN_UNGUARDED_AVAILABILITY = YES_AGGRESSIVE;
				CLANG_WARN_UNREACHABLE_CODE = YES;
				CLANG_WARN__DUPLICATE_METHOD_MATCH = YES;
				COPY_PHASE_STRIP = NO;
				DEBUG_INFORMATION_FORMAT = dwarf;
				DEVELOPMENT_TEAM = 3PP6TY8C6J;
				ENABLE_STRICT_OBJC_MSGSEND = YES;
				ENABLE_TESTABILITY = YES;
				ENABLE_USER_SCRIPT_SANDBOXING = YES;
				GCC_C_LANGUAGE_STANDARD = gnu17;
				GCC_DYNAMIC_NO_PIC = NO;
				GCC_NO_COMMON_BLOCKS = YES;
				GCC_OPTIMIZATION_LEVEL = 0;
				GCC_PREPROCESSOR_DEFINITIONS = (
					"DEBUG=1",
					"$(inherited)",
				);
				GCC_WARN_64_TO_32_BIT_CONVERSION = YES;
				GCC_WARN_ABOUT_RETURN_TYPE = YES_ERROR;
				GCC_WARN_UNDECLARED_SELECTOR = YES;
				GCC_WARN_UNINITIALIZED_AUTOS = YES_AGGRESSIVE;
				GCC_WARN_UNUSED_FUNCTION = YES;
				GCC_WARN_UNUSED_VARIABLE = YES;
				IPHONEOS_DEPLOYMENT_TARGET = 18.5;
				LOCALIZATION_PREFERS_STRING_CATALOGS = YES;
				MTL_ENABLE_DEBUG_INFO = INCLUDE_SOURCE;
				MTL_FAST_MATH = YES;
				ONLY_ACTIVE_ARCH = YES;
				SDKROOT = iphoneos;
				STRING_CATALOG_GENERATE_SYMBOLS = YES;
				SWIFT_ACTIVE_COMPILATION_CONDITIONS = "DEBUG $(inherited)";
				SWIFT_OPTIMIZATION_LEVEL = "-Onone";
			};
			name = Debug;
		};
		01C719792DF36ECB00C5B4FF /* Release */ = {
			isa = XCBuildConfiguration;
			buildSettings = {
				ALWAYS_SEARCH_USER_PATHS = NO;
				ASSETCATALOG_COMPILER_GENERATE_SWIFT_ASSET_SYMBOL_EXTENSIONS = YES;
				CLANG_ANALYZER_LOCALIZABILITY_NONLOCALIZED = YES;
				CLANG_ANALYZER_NONNULL = YES;
				CLANG_ANALYZER_NUMBER_OBJECT_CONVERSION = YES_AGGRESSIVE;
				CLANG_CXX_LANGUAGE_STANDARD = "gnu++20";
				CLANG_ENABLE_MODULES = YES;
				CLANG_ENABLE_OBJC_ARC = YES;
				CLANG_ENABLE_OBJC_WEAK = YES;
				CLANG_WARN_BLOCK_CAPTURE_AUTORELEASING = YES;
				CLANG_WARN_BOOL_CONVERSION = YES;
				CLANG_WARN_COMMA = YES;
				CLANG_WARN_CONSTANT_CONVERSION = YES;
				CLANG_WARN_DEPRECATED_OBJC_IMPLEMENTATIONS = YES;
				CLANG_WARN_DIRECT_OBJC_ISA_USAGE = YES_ERROR;
				CLANG_WARN_DOCUMENTATION_COMMENTS = YES;
				CLANG_WARN_EMPTY_BODY = YES;
				CLANG_WARN_ENUM_CONVERSION = YES;
				CLANG_WARN_INFINITE_RECURSION = YES;
				CLANG_WARN_INT_CONVERSION = YES;
				CLANG_WARN_NON_LITERAL_NULL_CONVERSION = YES;
				CLANG_WARN_OBJC_IMPLICIT_RETAIN_SELF = YES;
				CLANG_WARN_OBJC_LITERAL_CONVERSION = YES;
				CLANG_WARN_OBJC_ROOT_CLASS = YES_ERROR;
				CLANG_WARN_QUOTED_INCLUDE_IN_FRAMEWORK_HEADER = YES;
				CLANG_WARN_RANGE_LOOP_ANALYSIS = YES;
				CLANG_WARN_STRICT_PROTOTYPES = YES;
				CLANG_WARN_SUSPICIOUS_MOVE = YES;
				CLANG_WARN_UNGUARDED_AVAILABILITY = YES_AGGRESSIVE;
				CLANG_WARN_UNREACHABLE_CODE = YES;
				CLANG_WARN__DUPLICATE_METHOD_MATCH = YES;
				COPY_PHASE_STRIP = NO;
				DEBUG_INFORMATION_FORMAT = "dwarf-with-dsym";
				DEVELOPMENT_TEAM = 3PP6TY8C6J;
				ENABLE_NS_ASSERTIONS = NO;
				ENABLE_STRICT_OBJC_MSGSEND = YES;
				ENABLE_USER_SCRIPT_SANDBOXING = YES;
				GCC_C_LANGUAGE_STANDARD = gnu17;
				GCC_NO_COMMON_BLOCKS = YES;
				GCC_WARN_64_TO_32_BIT_CONVERSION = YES;
				GCC_WARN_ABOUT_RETURN_TYPE = YES_ERROR;
				GCC_WARN_UNDECLARED_SELECTOR = YES;
				GCC_WARN_UNINITIALIZED_AUTOS = YES_AGGRESSIVE;
				GCC_WARN_UNUSED_FUNCTION = YES;
				GCC_WARN_UNUSED_VARIABLE = YES;
				IPHONEOS_DEPLOYMENT_TARGET = 18.5;
				LOCALIZATION_PREFERS_STRING_CATALOGS = YES;
				MTL_ENABLE_DEBUG_INFO = NO;
				MTL_FAST_MATH = YES;
				SDKROOT = iphoneos;
				STRING_CATALOG_GENERATE_SYMBOLS = YES;
				SWIFT_COMPILATION_MODE = wholemodule;
				VALIDATE_PRODUCT = YES;
			};
			name = Release;
		};
		01C7197B2DF36ECB00C5B4FF /* Debug */ = {
			isa = XCBuildConfiguration;
			buildSettings = {
				ASSETCATALOG_COMPILER_APPICON_NAME = AppIcon;
				ASSETCATALOG_COMPILER_GLOBAL_ACCENT_COLOR_NAME = AccentColor;
				CODE_SIGN_ENTITLEMENTS = AthleticPerformance.entitlements;
				CODE_SIGN_STYLE = Automatic;
				CURRENT_PROJECT_VERSION = 1.1;
				DEVELOPMENT_TEAM = 3PP6TY8C6J;
				ENABLE_PREVIEWS = YES;
				GENERATE_INFOPLIST_FILE = YES;
				INFOPLIST_FILE = Info.plist;
				INFOPLIST_KEY_CFBundleDisplayName = AthleticPerformance;
				INFOPLIST_KEY_LSApplicationCategoryType = "public.app-category.healthcare-fitness";
				INFOPLIST_KEY_LSSupportsOpeningDocumentsInPlace = YES;
				INFOPLIST_KEY_NSCalendarsUsageDescription = "Diese App benötigt Zugriff auf deinen Kalender, um Termine zu speichern.";
				INFOPLIST_KEY_NSCameraUsageDescription = "Diese App benötigt Zugriff auf die Kamera, um Bilder aufzunehmen.";
				INFOPLIST_KEY_NSFaceIDUsageDescription = "Face ID wird zur Authentifizierung in dieser App verwendet.";
				INFOPLIST_KEY_UIApplicationSceneManifest_Generation = YES;
				INFOPLIST_KEY_UIApplicationSupportsIndirectInputEvents = YES;
				INFOPLIST_KEY_UILaunchScreen_Generation = YES;
				INFOPLIST_KEY_UISupportedInterfaceOrientations_iPad = "UIInterfaceOrientationPortrait UIInterfaceOrientationPortraitUpsideDown UIInterfaceOrientationLandscapeLeft UIInterfaceOrientationLandscapeRight";
				INFOPLIST_KEY_UISupportedInterfaceOrientations_iPhone = "UIInterfaceOrientationPortrait UIInterfaceOrientationLandscapeLeft UIInterfaceOrientationLandscapeRight";
				IPHONEOS_DEPLOYMENT_TARGET = 17.6;
				LD_RUNPATH_SEARCH_PATHS = (
					"$(inherited)",
					"@executable_path/Frameworks",
				);
				MARKETING_VERSION = 1.1;
				PRODUCT_BUNDLE_IDENTIFIER = "com.ufer-solutions.AthleticPerformance";
				PRODUCT_NAME = "$(TARGET_NAME)";
				SWIFT_EMIT_LOC_STRINGS = YES;
				SWIFT_VERSION = 5.0;
				TARGETED_DEVICE_FAMILY = "1,2";
			};
			name = Debug;
		};
		01C7197C2DF36ECB00C5B4FF /* Release */ = {
			isa = XCBuildConfiguration;
			buildSettings = {
				ASSETCATALOG_COMPILER_APPICON_NAME = AppIcon;
				ASSETCATALOG_COMPILER_GLOBAL_ACCENT_COLOR_NAME = AccentColor;
				CODE_SIGN_ENTITLEMENTS = AthleticPerformance.entitlements;
				CODE_SIGN_STYLE = Automatic;
				CURRENT_PROJECT_VERSION = 1.1;
				DEVELOPMENT_TEAM = 3PP6TY8C6J;
				ENABLE_PREVIEWS = YES;
				GENERATE_INFOPLIST_FILE = YES;
				INFOPLIST_FILE = Info.plist;
				INFOPLIST_KEY_CFBundleDisplayName = AthleticPerformance;
				INFOPLIST_KEY_LSApplicationCategoryType = "public.app-category.healthcare-fitness";
				INFOPLIST_KEY_LSSupportsOpeningDocumentsInPlace = YES;
				INFOPLIST_KEY_NSCalendarsUsageDescription = "Diese App benötigt Zugriff auf deinen Kalender, um Termine zu speichern.";
				INFOPLIST_KEY_NSCameraUsageDescription = "Diese App benötigt Zugriff auf die Kamera, um Bilder aufzunehmen.";
				INFOPLIST_KEY_NSFaceIDUsageDescription = "Face ID wird zur Authentifizierung in dieser App verwendet.";
				INFOPLIST_KEY_UIApplicationSceneManifest_Generation = YES;
				INFOPLIST_KEY_UIApplicationSupportsIndirectInputEvents = YES;
				INFOPLIST_KEY_UILaunchScreen_Generation = YES;
				INFOPLIST_KEY_UISupportedInterfaceOrientations_iPad = "UIInterfaceOrientationPortrait UIInterfaceOrientationPortraitUpsideDown UIInterfaceOrientationLandscapeLeft UIInterfaceOrientationLandscapeRight";
				INFOPLIST_KEY_UISupportedInterfaceOrientations_iPhone = "UIInterfaceOrientationPortrait UIInterfaceOrientationLandscapeLeft UIInterfaceOrientationLandscapeRight";
				IPHONEOS_DEPLOYMENT_TARGET = 17.6;
				LD_RUNPATH_SEARCH_PATHS = (
					"$(inherited)",
					"@executable_path/Frameworks",
				);
				MARKETING_VERSION = 1.1;
				PRODUCT_BUNDLE_IDENTIFIER = "com.ufer-solutions.AthleticPerformance";
				PRODUCT_NAME = "$(TARGET_NAME)";
				SWIFT_EMIT_LOC_STRINGS = YES;
				SWIFT_VERSION = 5.0;
				TARGETED_DEVICE_FAMILY = "1,2";
			};
			name = Release;
		};
		01C7197E2DF36ECB00C5B4FF /* Debug */ = {
			isa = XCBuildConfiguration;
			buildSettings = {
				BUNDLE_LOADER = "$(TEST_HOST)";
				CODE_SIGN_STYLE = Automatic;
				CURRENT_PROJECT_VERSION = 1;
				DEVELOPMENT_TEAM = 3PP6TY8C6J;
				GENERATE_INFOPLIST_FILE = YES;
				IPHONEOS_DEPLOYMENT_TARGET = 18.5;
				MARKETING_VERSION = 1.0;
				PRODUCT_BUNDLE_IDENTIFIER = "com.ufer-solutions.AthleticPerformanceTests";
				PRODUCT_NAME = "$(TARGET_NAME)";
				SWIFT_EMIT_LOC_STRINGS = NO;
				SWIFT_VERSION = 5.0;
				TARGETED_DEVICE_FAMILY = "1,2";
				TEST_HOST = "$(BUILT_PRODUCTS_DIR)/AthleticPerformance.app/$(BUNDLE_EXECUTABLE_FOLDER_PATH)/AthleticPerformance";
			};
			name = Debug;
		};
		01C7197F2DF36ECB00C5B4FF /* Release */ = {
			isa = XCBuildConfiguration;
			buildSettings = {
				BUNDLE_LOADER = "$(TEST_HOST)";
				CODE_SIGN_STYLE = Automatic;
				CURRENT_PROJECT_VERSION = 1;
				DEVELOPMENT_TEAM = 3PP6TY8C6J;
				GENERATE_INFOPLIST_FILE = YES;
				IPHONEOS_DEPLOYMENT_TARGET = 18.5;
				MARKETING_VERSION = 1.0;
				PRODUCT_BUNDLE_IDENTIFIER = "com.ufer-solutions.AthleticPerformanceTests";
				PRODUCT_NAME = "$(TARGET_NAME)";
				SWIFT_EMIT_LOC_STRINGS = NO;
				SWIFT_VERSION = 5.0;
				TARGETED_DEVICE_FAMILY = "1,2";
				TEST_HOST = "$(BUILT_PRODUCTS_DIR)/AthleticPerformance.app/$(BUNDLE_EXECUTABLE_FOLDER_PATH)/AthleticPerformance";
			};
			name = Release;
		};
		01C719812DF36ECB00C5B4FF /* Debug */ = {
			isa = XCBuildConfiguration;
			buildSettings = {
				CODE_SIGN_STYLE = Automatic;
				CURRENT_PROJECT_VERSION = 1;
				DEVELOPMENT_TEAM = 3PP6TY8C6J;
				GENERATE_INFOPLIST_FILE = YES;
				MARKETING_VERSION = 1.0;
				PRODUCT_BUNDLE_IDENTIFIER = "com.ufer-solutions.AthleticPerformanceUITests";
				PRODUCT_NAME = "$(TARGET_NAME)";
				SWIFT_EMIT_LOC_STRINGS = NO;
				SWIFT_VERSION = 5.0;
				TARGETED_DEVICE_FAMILY = "1,2";
				TEST_TARGET_NAME = AthleticPerformance;
			};
			name = Debug;
		};
		01C719822DF36ECB00C5B4FF /* Release */ = {
			isa = XCBuildConfiguration;
			buildSettings = {
				CODE_SIGN_STYLE = Automatic;
				CURRENT_PROJECT_VERSION = 1;
				DEVELOPMENT_TEAM = 3PP6TY8C6J;
				GENERATE_INFOPLIST_FILE = YES;
				MARKETING_VERSION = 1.0;
				PRODUCT_BUNDLE_IDENTIFIER = "com.ufer-solutions.AthleticPerformanceUITests";
				PRODUCT_NAME = "$(TARGET_NAME)";
				SWIFT_EMIT_LOC_STRINGS = NO;
				SWIFT_VERSION = 5.0;
				TARGETED_DEVICE_FAMILY = "1,2";
				TEST_TARGET_NAME = AthleticPerformance;
			};
			name = Release;
		};
/* End XCBuildConfiguration section */

/* Begin XCConfigurationList section */
		01C719542DF36ECA00C5B4FF /* Build configuration list for PBXProject "AthleticPerformance" */ = {
			isa = XCConfigurationList;
			buildConfigurations = (
				01C719782DF36ECB00C5B4FF /* Debug */,
				01C719792DF36ECB00C5B4FF /* Release */,
			);
			defaultConfigurationIsVisible = 0;
			defaultConfigurationName = Release;
		};
		01C7197A2DF36ECB00C5B4FF /* Build configuration list for PBXNativeTarget "AthleticPerformance" */ = {
			isa = XCConfigurationList;
			buildConfigurations = (
				01C7197B2DF36ECB00C5B4FF /* Debug */,
				01C7197C2DF36ECB00C5B4FF /* Release */,
			);
			defaultConfigurationIsVisible = 0;
			defaultConfigurationName = Release;
		};
		01C7197D2DF36ECB00C5B4FF /* Build configuration list for PBXNativeTarget "AthleticPerformanceTests" */ = {
			isa = XCConfigurationList;
			buildConfigurations = (
				01C7197E2DF36ECB00C5B4FF /* Debug */,
				01C7197F2DF36ECB00C5B4FF /* Release */,
			);
			defaultConfigurationIsVisible = 0;
			defaultConfigurationName = Release;
		};
		01C719802DF36ECB00C5B4FF /* Build configuration list for PBXNativeTarget "AthleticPerformanceUITests" */ = {
			isa = XCConfigurationList;
			buildConfigurations = (
				01C719812DF36ECB00C5B4FF /* Debug */,
				01C719822DF36ECB00C5B4FF /* Release */,
			);
			defaultConfigurationIsVisible = 0;
			defaultConfigurationName = Release;
		};
/* End XCConfigurationList section */

/* Begin XCLocalSwiftPackageReference section */
		0124484A2DF37B4500634A86 /* XCLocalSwiftPackageReference "../../Packages/MediaInputKit" */ = {
			isa = XCLocalSwiftPackageReference;
			relativePath = ../../Packages/MediaInputKit;
		};
/* End XCLocalSwiftPackageReference section */

/* Begin XCRemoteSwiftPackageReference section */
		014DD0892DF3756C002B37EF /* XCRemoteSwiftPackageReference "libPhoneNumber-iOS" */ = {
			isa = XCRemoteSwiftPackageReference;
			repositoryURL = "https://github.com/iziz/libPhoneNumber-iOS.git";
			requirement = {
				kind = upToNextMajorVersion;
				minimumVersion = 1.2.0;
			};
		};
		014DD08A2DF37582002B37EF /* XCRemoteSwiftPackageReference "ZipArchive" */ = {
			isa = XCRemoteSwiftPackageReference;
			repositoryURL = "https://github.com/ZipArchive/ZipArchive.git";
			requirement = {
				kind = upToNextMajorVersion;
				minimumVersion = 2.6.0;
			};
		};
		019FD4A92F30AA8B00D29171 /* XCRemoteSwiftPackageReference "ZIPFoundation" */ = {
			isa = XCRemoteSwiftPackageReference;
			repositoryURL = "https://github.com/weichsel/ZIPFoundation.git";
			requirement = {
				kind = upToNextMajorVersion;
				minimumVersion = 0.9.20;
			};
		};
/* End XCRemoteSwiftPackageReference section */

/* Begin XCSwiftPackageProductDependency section */
		0124484B2DF37B4500634A86 /* MediaInputKit */ = {
			isa = XCSwiftPackageProductDependency;
			productName = MediaInputKit;
		};
		014DD08B2DF37582002B37EF /* ZipArchive */ = {
			isa = XCSwiftPackageProductDependency;
			package = 014DD08A2DF37582002B37EF /* XCRemoteSwiftPackageReference "ZipArchive" */;
			productName = ZipArchive;
		};
		014DD08E2DF375A1002B37EF /* libPhoneNumber */ = {
			isa = XCSwiftPackageProductDependency;
			package = 014DD0892DF3756C002B37EF /* XCRemoteSwiftPackageReference "libPhoneNumber-iOS" */;
			productName = libPhoneNumber;
		};
		019FD4AA2F30AB6900D29171 /* ZIPFoundation */ = {
			isa = XCSwiftPackageProductDependency;
			package = 019FD4A92F30AA8B00D29171 /* XCRemoteSwiftPackageReference "ZIPFoundation" */;
			productName = ZIPFoundation;
		};
/* End XCSwiftPackageProductDependency section */
	};
	rootObject = 01C719512DF36ECA00C5B4FF /* Project object */;
}
